
Microsoft Visual Studio Solution File, Format Version 12.00
# Visual Studio Version 17
VisualStudioVersion = 17.5.002.0
MinimumVisualStudioVersion = 10.0.40219.1
Project("{2150E333-8FDC-42A3-9474-1A3956D46DE8}") = "csharp-prep", "csharp-prep", "{AD055818-2ABB-4D54-9DC3-802C485548FD}"
EndProject
Project("{9A19103F-16F7-4668-BE54-9A1E7A4F7556}") = "Prep1", "csharp-prep\Prep1\Prep1.csproj", "{3650DA70-05EF-40D5-B0A7-ABEC0B76FA86}"
EndProject
Project("{9A19103F-16F7-4668-BE54-9A1E7A4F7556}") = "Prep2", "csharp-prep\Prep2\Prep2.csproj", "{5DDD1922-6176-4FAF-80D7-044CA543617A}"
EndProject
Project("{9A19103F-16F7-4668-BE54-9A1E7A4F7556}") = "Prep3", "csharp-prep\Prep3\Prep3.csproj", "{28406A8F-0CF7-47B4-9BBE-ADE7FCE4E447}"
EndProject
Project("{9A19103F-16F7-4668-BE54-9A1E7A4F7556}") = "Prep4", "csharp-prep\Prep4\Prep4.csproj", "{5AE701BB-7BBD-4170-ADAA-CE06D74AC54F}"
EndProject
Project("{9A19103F-16F7-4668-BE54-9A1E7A4F7556}") = "Prep5", "csharp-prep\Prep5\Prep5.csproj", "{2538D917-2CCD-4B7A-9E1A-DB77F1DDFA67}"
EndProject
Project("{2150E333-8FDC-42A3-9474-1A3956D46DE8}") = "final", "final", "{97B5E93D-3733-449E-AF5B-92705EF2366A}"
EndProject
Project("{9A19103F-16F7-4668-BE54-9A1E7A4F7556}") = "FinalProject", "final\FinalProject\FinalProject.csproj", "{F8B63616-92BA-4977-9DF8-3E81D2D1A26E}"
EndProject
Project("{9A19103F-16F7-4668-BE54-9A1E7A4F7556}") = "Foundation1", "final\Foundation1\Foundation1.csproj", "{413CDC19-240F-48D6-9451-2DA42A147C89}"
EndProject
Project("{9A19103F-16F7-4668-BE54-9A1E7A4F7556}") = "Foundation2", "final\Foundation2\Foundation2.csproj", "{6158D050-EB9A-4A5D-8588-0C41F268833C}"
EndProject
Project("{9A19103F-16F7-4668-BE54-9A1E7A4F7556}") = "Foundation3", "final\Foundation3\Foundation3.csproj", "{72099FA4-8DA8-456F-A9F4-4ECFE82D7114}"
EndProject
Project("{9A19103F-16F7-4668-BE54-9A1E7A4F7556}") = "Foundation4", "final\Foundation4\Foundation4.csproj", "{F56391C4-21CD-40C2-8243-F10C4C18CF3E}"
EndProject
Project("{2150E333-8FDC-42A3-9474-1A3956D46DE8}") = "prepare", "prepare", "{2FC550D7-9EC2-4FB1-98F1-1A0264C68CF6}"
EndProject
Project("{9A19103F-16F7-4668-BE54-9A1E7A4F7556}") = "Learning02", "prepare\Learning02\Learning02.csproj", "{CC78D5CB-6D30-48BF-9FF7-0DCC8869804F}"
EndProject
Project("{9A19103F-16F7-4668-BE54-9A1E7A4F7556}") = "Learning03", "prepare\Learning03\Learning03.csproj", "{FF1B0718-AEBD-40C7-BAF0-6DBA58B1C0A6}"
EndProject
Project("{9A19103F-16F7-4668-BE54-9A1E7A4F7556}") = "Learning04", "prepare\Learning04\Learning04.csproj", "{816E010F-C312-434A-B266-0096D2BF5CAC}"
EndProject
Project("{9A19103F-16F7-4668-BE54-9A1E7A4F7556}") = "Learning05", "prepare\Learning05\Learning05.csproj", "{F17A6CFE-D25B-4E34-AEDF-8FC67C991817}"
EndProject
Project("{2150E333-8FDC-42A3-9474-1A3956D46DE8}") = "prove", "prove", "{AE939725-C8CE-41CF-A9FD-D910395A4666}"
EndProject
Project("{9A19103F-16F7-4668-BE54-9A1E7A4F7556}") = "Develop02", "prove\Develop02\Develop02.csproj", "{EC62214F-9CBA-4C20-A115-C1548870610E}"
EndProject
Project("{9A19103F-16F7-4668-BE54-9A1E7A4F7556}") = "Develop03", "prove\Develop03\Develop03.csproj", "{2896D364-6FEE-4F08-B7F7-E411B4FF3254}"
EndProject
Project("{9A19103F-16F7-4668-BE54-9A1E7A4F7556}") = "Develop04", "prove\Develop04\Develop04.csproj", "{2557D744-5DB4-4DFE-8FC3-F62A8A45193D}"
EndProject
Project("{9A19103F-16F7-4668-BE54-9A1E7A4F7556}") = "Develop05", "prove\Develop05\Develop05.csproj", "{AE679922-14A1-490D-A718-AE3F5337EFD2}"
EndProject
Project("{2150E333-8FDC-42A3-9474-1A3956D46DE8}") = "sandbox", "sandbox", "{41A02F0C-2303-481A-840E-67F55E82EB89}"
EndProject
Project("{9A19103F-16F7-4668-BE54-9A1E7A4F7556}") = "Sandbox", "sandbox\Sandbox\Sandbox.csproj", "{06AFB007-5275-4DD9-89D9-D0766A5F9C74}"
EndProject
Global
	GlobalSection(SolutionConfigurationPlatforms) = preSolution
		Debug|Any CPU = Debug|Any CPU
		Release|Any CPU = Release|Any CPU
	EndGlobalSection
	GlobalSection(ProjectConfigurationPlatforms) = postSolution
		{3650DA70-05EF-40D5-B0A7-ABEC0B76FA86}.Debug|Any CPU.ActiveCfg = Debug|Any CPU
		{3650DA70-05EF-40D5-B0A7-ABEC0B76FA86}.Debug|Any CPU.Build.0 = Debug|Any CPU
		{3650DA70-05EF-40D5-B0A7-ABEC0B76FA86}.Release|Any CPU.ActiveCfg = Release|Any CPU
		{3650DA70-05EF-40D5-B0A7-ABEC0B76FA86}.Release|Any CPU.Build.0 = Release|Any CPU
		{5DDD1922-6176-4FAF-80D7-044CA543617A}.Debug|Any CPU.ActiveCfg = Debug|Any CPU
		{5DDD1922-6176-4FAF-80D7-044CA543617A}.Debug|Any CPU.Build.0 = Debug|Any CPU
		{5DDD1922-6176-4FAF-80D7-044CA543617A}.Release|Any CPU.ActiveCfg = Release|Any CPU
		{5DDD1922-6176-4FAF-80D7-044CA543617A}.Release|Any CPU.Build.0 = Release|Any CPU
		{28406A8F-0CF7-47B4-9BBE-ADE7FCE4E447}.Debug|Any CPU.ActiveCfg = Debug|Any CPU
		{28406A8F-0CF7-47B4-9BBE-ADE7FCE4E447}.Debug|Any CPU.Build.0 = Debug|Any CPU
		{28406A8F-0CF7-47B4-9BBE-ADE7FCE4E447}.Release|Any CPU.ActiveCfg = Release|Any CPU
		{28406A8F-0CF7-47B4-9BBE-ADE7FCE4E447}.Release|Any CPU.Build.0 = Release|Any CPU
		{5AE701BB-7BBD-4170-ADAA-CE06D74AC54F}.Debug|Any CPU.ActiveCfg = Debug|Any CPU
		{5AE701BB-7BBD-4170-ADAA-CE06D74AC54F}.Debug|Any CPU.Build.0 = Debug|Any CPU
		{5AE701BB-7BBD-4170-ADAA-CE06D74AC54F}.Release|Any CPU.ActiveCfg = Release|Any CPU
		{5AE701BB-7BBD-4170-ADAA-CE06D74AC54F}.Release|Any CPU.Build.0 = Release|Any CPU
		{2538D917-2CCD-4B7A-9E1A-DB77F1DDFA67}.Debug|Any CPU.ActiveCfg = Debug|Any CPU
		{2538D917-2CCD-4B7A-9E1A-DB77F1DDFA67}.Debug|Any CPU.Build.0 = Debug|Any CPU
		{2538D917-2CCD-4B7A-9E1A-DB77F1DDFA67}.Release|Any CPU.ActiveCfg = Release|Any CPU
		{2538D917-2CCD-4B7A-9E1A-DB77F1DDFA67}.Release|Any CPU.Build.0 = Release|Any CPU
		{F8B63616-92BA-4977-9DF8-3E81D2D1A26E}.Debug|Any CPU.ActiveCfg = Debug|Any CPU
		{F8B63616-92BA-4977-9DF8-3E81D2D1A26E}.Debug|Any CPU.Build.0 = Debug|Any CPU
		{F8B63616-92BA-4977-9DF8-3E81D2D1A26E}.Release|Any CPU.ActiveCfg = Release|Any CPU
		{F8B63616-92BA-4977-9DF8-3E81D2D1A26E}.Release|Any CPU.Build.0 = Release|Any CPU
		{413CDC19-240F-48D6-9451-2DA42A147C89}.Debug|Any CPU.ActiveCfg = Debug|Any CPU
		{413CDC19-240F-48D6-9451-2DA42A147C89}.Debug|Any CPU.Build.0 = Debug|Any CPU
		{413CDC19-240F-48D6-9451-2DA42A147C89}.Release|Any CPU.ActiveCfg = Release|Any CPU
		{413CDC19-240F-48D6-9451-2DA42A147C89}.Release|Any CPU.Build.0 = Release|Any CPU
		{6158D050-EB9A-4A5D-8588-0C41F268833C}.Debug|Any CPU.ActiveCfg = Debug|Any CPU
		{6158D050-EB9A-4A5D-8588-0C41F268833C}.Debug|Any CPU.Build.0 = Debug|Any CPU
		{6158D050-EB9A-4A5D-8588-0C41F268833C}.Release|Any CPU.ActiveCfg = Release|Any CPU
		{6158D050-EB9A-4A5D-8588-0C41F268833C}.Release|Any CPU.Build.0 = Release|Any CPU
		{72099FA4-8DA8-456F-A9F4-4ECFE82D7114}.Debug|Any CPU.ActiveCfg = Debug|Any CPU
		{72099FA4-8DA8-456F-A9F4-4ECFE82D7114}.Debug|Any CPU.Build.0 = Debug|Any CPU
		{72099FA4-8DA8-456F-A9F4-4ECFE82D7114}.Release|Any CPU.ActiveCfg = Release|Any CPU
		{72099FA4-8DA8-456F-A9F4-4ECFE82D7114}.Release|Any CPU.Build.0 = Release|Any CPU
		{F56391C4-21CD-40C2-8243-F10C4C18CF3E}.Debug|Any CPU.ActiveCfg = Debug|Any CPU
		{F56391C4-21CD-40C2-8243-F10C4C18CF3E}.Debug|Any CPU.Build.0 = Debug|Any CPU
		{F56391C4-21CD-40C2-8243-F10C4C18CF3E}.Release|Any CPU.ActiveCfg = Release|Any CPU
		{F56391C4-21CD-40C2-8243-F10C4C18CF3E}.Release|Any CPU.Build.0 = Release|Any CPU
		{CC78D5CB-6D30-48BF-9FF7-0DCC8869804F}.Debug|Any CPU.ActiveCfg = Debug|Any CPU
		{CC78D5CB-6D30-48BF-9FF7-0DCC8869804F}.Debug|Any CPU.Build.0 = Debug|Any CPU
		{CC78D5CB-6D30-48BF-9FF7-0DCC8869804F}.Release|Any CPU.ActiveCfg = Release|Any CPU
		{CC78D5CB-6D30-48BF-9FF7-0DCC8869804F}.Release|Any CPU.Build.0 = Release|Any CPU
		{FF1B0718-AEBD-40C7-BAF0-6DBA58B1C0A6}.Debug|Any CPU.ActiveCfg = Debug|Any CPU
		{FF1B0718-AEBD-40C7-BAF0-6DBA58B1C0A6}.Debug|Any CPU.Build.0 = Debug|Any CPU
		{FF1B0718-AEBD-40C7-BAF0-6DBA58B1C0A6}.Release|Any CPU.ActiveCfg = Release|Any CPU
		{FF1B0718-AEBD-40C7-BAF0-6DBA58B1C0A6}.Release|Any CPU.Build.0 = Release|Any CPU
		{816E010F-C312-434A-B266-0096D2BF5CAC}.Debug|Any CPU.ActiveCfg = Debug|Any CPU
		{816E010F-C312-434A-B266-0096D2BF5CAC}.Debug|Any CPU.Build.0 = Debug|Any CPU
		{816E010F-C312-434A-B266-0096D2BF5CAC}.Release|Any CPU.ActiveCfg = Release|Any CPU
		{816E010F-C312-434A-B266-0096D2BF5CAC}.Release|Any CPU.Build.0 = Release|Any CPU
		{F17A6CFE-D25B-4E34-AEDF-8FC67C991817}.Debug|Any CPU.ActiveCfg = Debug|Any CPU
		{F17A6CFE-D25B-4E34-AEDF-8FC67C991817}.Debug|Any CPU.Build.0 = Debug|Any CPU
		{F17A6CFE-D25B-4E34-AEDF-8FC67C991817}.Release|Any CPU.ActiveCfg = Release|Any CPU
		{F17A6CFE-D25B-4E34-AEDF-8FC67C991817}.Release|Any CPU.Build.0 = Release|Any CPU
		{EC62214F-9CBA-4C20-A115-C1548870610E}.Debug|Any CPU.ActiveCfg = Debug|Any CPU
		{EC62214F-9CBA-4C20-A115-C1548870610E}.Debug|Any CPU.Build.0 = Debug|Any CPU
		{EC62214F-9CBA-4C20-A115-C1548870610E}.Release|Any CPU.ActiveCfg = Release|Any CPU
		{EC62214F-9CBA-4C20-A115-C1548870610E}.Release|Any CPU.Build.0 = Release|Any CPU
		{2896D364-6FEE-4F08-B7F7-E411B4FF3254}.Debug|Any CPU.ActiveCfg = Debug|Any CPU
		{2896D364-6FEE-4F08-B7F7-E411B4FF3254}.Debug|Any CPU.Build.0 = Debug|Any CPU
		{2896D364-6FEE-4F08-B7F7-E411B4FF3254}.Release|Any CPU.ActiveCfg = Release|Any CPU
		{2896D364-6FEE-4F08-B7F7-E411B4FF3254}.Release|Any CPU.Build.0 = Release|Any CPU
		{2557D744-5DB4-4DFE-8FC3-F62A8A45193D}.Debug|Any CPU.ActiveCfg = Debug|Any CPU
		{2557D744-5DB4-4DFE-8FC3-F62A8A45193D}.Debug|Any CPU.Build.0 = Debug|Any CPU
		{2557D744-5DB4-4DFE-8FC3-F62A8A45193D}.Release|Any CPU.ActiveCfg = Release|Any CPU
		{2557D744-5DB4-4DFE-8FC3-F62A8A45193D}.Release|Any CPU.Build.0 = Release|Any CPU
		{AE679922-14A1-490D-A718-AE3F5337EFD2}.Debug|Any CPU.ActiveCfg = Debug|Any CPU
		{AE679922-14A1-490D-A718-AE3F5337EFD2}.Debug|Any CPU.Build.0 = Debug|Any CPU
		{AE679922-14A1-490D-A718-AE3F5337EFD2}.Release|Any CPU.ActiveCfg = Release|Any CPU
		{AE679922-14A1-490D-A718-AE3F5337EFD2}.Release|Any CPU.Build.0 = Release|Any CPU
		{06AFB007-5275-4DD9-89D9-D0766A5F9C74}.Debug|Any CPU.ActiveCfg = Debug|Any CPU
		{06AFB007-5275-4DD9-89D9-D0766A5F9C74}.Debug|Any CPU.Build.0 = Debug|Any CPU
		{06AFB007-5275-4DD9-89D9-D0766A5F9C74}.Release|Any CPU.ActiveCfg = Release|Any CPU
		{06AFB007-5275-4DD9-89D9-D0766A5F9C74}.Release|Any CPU.Build.0 = Release|Any CPU
	EndGlobalSection
	GlobalSection(SolutionProperties) = preSolution
		HideSolutionNode = FALSE
	EndGlobalSection
	GlobalSection(NestedProjects) = preSolution
		{3650DA70-05EF-40D5-B0A7-ABEC0B76FA86} = {AD055818-2ABB-4D54-9DC3-802C485548FD}
		{5DDD1922-6176-4FAF-80D7-044CA543617A} = {AD055818-2ABB-4D54-9DC3-802C485548FD}
		{28406A8F-0CF7-47B4-9BBE-ADE7FCE4E447} = {AD055818-2ABB-4D54-9DC3-802C485548FD}
		{5AE701BB-7BBD-4170-ADAA-CE06D74AC54F} = {AD055818-2ABB-4D54-9DC3-802C485548FD}
		{2538D917-2CCD-4B7A-9E1A-DB77F1DDFA67} = {AD055818-2ABB-4D54-9DC3-802C485548FD}
		{F8B63616-92BA-4977-9DF8-3E81D2D1A26E} = {97B5E93D-3733-449E-AF5B-92705EF2366A}
		{413CDC19-240F-48D6-9451-2DA42A147C89} = {97B5E93D-3733-449E-AF5B-92705EF2366A}
		{6158D050-EB9A-4A5D-8588-0C41F268833C} = {97B5E93D-3733-449E-AF5B-92705EF2366A}
		{72099FA4-8DA8-456F-A9F4-4ECFE82D7114} = {97B5E93D-3733-449E-AF5B-92705EF2366A}
		{F56391C4-21CD-40C2-8243-F10C4C18CF3E} = {97B5E93D-3733-449E-AF5B-92705EF2366A}
		{CC78D5CB-6D30-48BF-9FF7-0DCC8869804F} = {2FC550D7-9EC2-4FB1-98F1-1A0264C68CF6}
		{FF1B0718-AEBD-40C7-BAF0-6DBA58B1C0A6} = {2FC550D7-9EC2-4FB1-98F1-1A0264C68CF6}
		{816E010F-C312-434A-B266-0096D2BF5CAC} = {2FC550D7-9EC2-4FB1-98F1-1A0264C68CF6}
		{F17A6CFE-D25B-4E34-AEDF-8FC67C991817} = {2FC550D7-9EC2-4FB1-98F1-1A0264C68CF6}
		{EC62214F-9CBA-4C20-A115-C1548870610E} = {AE939725-C8CE-41CF-A9FD-D910395A4666}
		{2896D364-6FEE-4F08-B7F7-E411B4FF3254} = {AE939725-C8CE-41CF-A9FD-D910395A4666}
		{2557D744-5DB4-4DFE-8FC3-F62A8A45193D} = {AE939725-C8CE-41CF-A9FD-D910395A4666}
		{AE679922-14A1-490D-A718-AE3F5337EFD2} = {AE939725-C8CE-41CF-A9FD-D910395A4666}
		{06AFB007-5275-4DD9-89D9-D0766A5F9C74} = {41A02F0C-2303-481A-840E-67F55E82EB89}
	EndGlobalSection
	GlobalSection(ExtensibilityGlobals) = postSolution
		SolutionGuid = {69D6C4F9-18F4-4DB4-A0E0-D5EC1DCEF2FF}
	EndGlobalSection
EndGlobal
